
Microsoft Visual Studio Solution File, Format Version 12.00
# Visual Studio Version 17
VisualStudioVersion = 17.6.33712.159
MinimumVisualStudioVersion = 10.0.40219.1
Project("{FAE04EC0-301F-11D3-BF4B-00C04F79EFBC}") = "FilesManagements", "FilesManagements\FilesManagements.csproj", "{00BA6340-37A2-4B11-8EA7-06441B0B7FE4}"
EndProject
Global
	GlobalSection(SolutionConfigurationPlatforms) = preSolution
		Debug|Any CPU = Debug|Any CPU
		Release|Any CPU = Release|Any CPU
	EndGlobalSection
	GlobalSection(ProjectConfigurationPlatforms) = postSolution
		{00BA6340-37A2-4B11-8EA7-06441B0B7FE4}.Debug|Any CPU.ActiveCfg = Debug|Any CPU
		{00BA6340-37A2-4B11-8EA7-06441B0B7FE4}.Debug|Any CPU.Build.0 = Debug|Any CPU
		{00BA6340-37A2-4B11-8EA7-06441B0B7FE4}.Release|Any CPU.ActiveCfg = Release|Any CPU
		{00BA6340-37A2-4B11-8EA7-06441B0B7FE4}.Release|Any CPU.Build.0 = Release|Any CPU
	EndGlobalSection
	GlobalSection(SolutionProperties) = preSolution
		HideSolutionNode = FALSE
	EndGlobalSection
	GlobalSection(ExtensibilityGlobals) = postSolution
		SolutionGuid = {13AF914C-9238-4F40-A655-7347E50D8661}
	EndGlobalSection
EndGlobal
